# This file was autogenerated by Stack.
# You should not edit this file by hand.
# For more information, please see the documentation at:
#   https://docs.haskellstack.org/en/stable/lock_files

packages:
- completed:
    hackage: numhask-0.6.0.2@sha256:f887f535fad2dfe14180bdb1793ce62afb330d07aaa81f9366914cda1e7cdcd4,1623
    pantry-tree:
      size: 1656
      sha256: a1b4227c1f36f4ab30f4e372b72d3092a06c7e18e9c7d7be7e832f0188a1927e
  original:
    hackage: numhask-0.6.0.2
- completed:
    hackage: tidal-1.6.0@sha256:de41b305d079b0abf109bd6a92e22cac960bf09bd8c5127b95b9e3c4435d4012,3964
    pantry-tree:
      size: 2942
      sha256: 54d65260b8698ca227a14945490cd126c4c6d888fe51495db02c6fc694c10f7d
  original:
    hackage: tidal-1.6.0
snapshots:
- completed:
    size: 503181
    url: https://raw.githubusercontent.com/commercialhaskell/stackage-snapshots/master/nightly/2020/6/25.yaml
    sha256: 96e98363790e62f4498da632069a03101cf588b3b47925e707f080cff4b6cfbb
  original: nightly-2020-06-25
